
Microsoft Visual Studio Solution File, Format Version 12.00
# Visual Studio Version 16
VisualStudioVersion = 16.0.30320.27
MinimumVisualStudioVersion = 10.0.40219.1
Project("{FAE04EC0-301F-11D3-BF4B-00C04F79EFBC}") = "String", "String.csproj", "{ACF59657-4404-40A4-AA78-6EC4A836BA6C}"
EndProject
Global
	GlobalSection(SolutionConfigurationPlatforms) = preSolution
		Debug|Any CPU = Debug|Any CPU
		Release|Any CPU = Release|Any CPU
	EndGlobalSection
	GlobalSection(ProjectConfigurationPlatforms) = postSolution
		{ACF59657-4404-40A4-AA78-6EC4A836BA6C}.Debug|Any CPU.ActiveCfg = Debug|Any CPU
		{ACF59657-4404-40A4-AA78-6EC4A836BA6C}.Debug|Any CPU.Build.0 = Debug|Any CPU
		{ACF59657-4404-40A4-AA78-6EC4A836BA6C}.Release|Any CPU.ActiveCfg = Release|Any CPU
		{ACF59657-4404-40A4-AA78-6EC4A836BA6C}.Release|Any CPU.Build.0 = Release|Any CPU
	EndGlobalSection
	GlobalSection(SolutionProperties) = preSolution
		HideSolutionNode = FALSE
	EndGlobalSection
	GlobalSection(ExtensibilityGlobals) = postSolution
		SolutionGuid = {8BD1CF38-786D-4C91-92BC-A578279F429A}
	EndGlobalSection
EndGlobal
