
Microsoft Visual Studio Solution File, Format Version 12.00
# Visual Studio Version 16
VisualStudioVersion = 16.0.30320.27
MinimumVisualStudioVersion = 10.0.40219.1
Project("{FAE04EC0-301F-11D3-BF4B-00C04F79EFBC}") = "ExceptionHandeling", "ExceptionHandeling.csproj", "{87F95CD0-5666-434E-B92F-43C5E6171923}"
EndProject
Global
	GlobalSection(SolutionConfigurationPlatforms) = preSolution
		Debug|Any CPU = Debug|Any CPU
		Release|Any CPU = Release|Any CPU
	EndGlobalSection
	GlobalSection(ProjectConfigurationPlatforms) = postSolution
		{87F95CD0-5666-434E-B92F-43C5E6171923}.Debug|Any CPU.ActiveCfg = Debug|Any CPU
		{87F95CD0-5666-434E-B92F-43C5E6171923}.Debug|Any CPU.Build.0 = Debug|Any CPU
		{87F95CD0-5666-434E-B92F-43C5E6171923}.Release|Any CPU.ActiveCfg = Release|Any CPU
		{87F95CD0-5666-434E-B92F-43C5E6171923}.Release|Any CPU.Build.0 = Release|Any CPU
	EndGlobalSection
	GlobalSection(SolutionProperties) = preSolution
		HideSolutionNode = FALSE
	EndGlobalSection
	GlobalSection(ExtensibilityGlobals) = postSolution
		SolutionGuid = {6C0C5D47-7740-4495-B853-7A234CBDF7B6}
	EndGlobalSection
EndGlobal
